
Microsoft Visual Studio Solution File, Format Version 12.00
# Visual Studio Version 17
VisualStudioVersion = 17.7.34202.233
MinimumVisualStudioVersion = 10.0.40219.1
Project("{FAE04EC0-301F-11D3-BF4B-00C04F79EFBC}") = "Pong", "Pong\Pong.csproj", "{C67470D8-7113-40F6-A7D3-78FC1BB982B4}"
EndProject
Global
	GlobalSection(SolutionConfigurationPlatforms) = preSolution
		Debug|Any CPU = Debug|Any CPU
		Release|Any CPU = Release|Any CPU
	EndGlobalSection
	GlobalSection(ProjectConfigurationPlatforms) = postSolution
		{C67470D8-7113-40F6-A7D3-78FC1BB982B4}.Debug|Any CPU.ActiveCfg = Debug|Any CPU
		{C67470D8-7113-40F6-A7D3-78FC1BB982B4}.Debug|Any CPU.Build.0 = Debug|Any CPU
		{C67470D8-7113-40F6-A7D3-78FC1BB982B4}.Release|Any CPU.ActiveCfg = Release|Any CPU
		{C67470D8-7113-40F6-A7D3-78FC1BB982B4}.Release|Any CPU.Build.0 = Release|Any CPU
	EndGlobalSection
	GlobalSection(SolutionProperties) = preSolution
		HideSolutionNode = FALSE
	EndGlobalSection
	GlobalSection(ExtensibilityGlobals) = postSolution
		SolutionGuid = {F03CCB25-F6F7-46A2-9F10-2DF40BF63FBF}
	EndGlobalSection
EndGlobal
